// !$*UTF8*$!
{
	archiveVersion = 1;
	classes = {
	};
	objectVersion = 46;
	objects = {

/* Begin PBXBuildFile section */
		F418236D1FC56C7700B94A6B /* HosDb.m in Sources */ = {isa = PBXBuildFile; fileRef = F418236C1FC56C7700B94A6B /* HosDb.m */; };
		F4B876091FC4168100FDBD9C /* main.m in Sources */ = {isa = PBXBuildFile; fileRef = F4B876081FC4168100FDBD9C /* main.m */; };
		F4B8760C1FC4168100FDBD9C /* AppDelegate.m in Sources */ = {isa = PBXBuildFile; fileRef = F4B8760B1FC4168100FDBD9C /* AppDelegate.m */; };
		F4B8760F1FC4168100FDBD9C /* ViewController.m in Sources */ = {isa = PBXBuildFile; fileRef = F4B8760E1FC4168100FDBD9C /* ViewController.m */; };
		F4B876121FC4168100FDBD9C /* Main.storyboard in Resources */ = {isa = PBXBuildFile; fileRef = F4B876101FC4168100FDBD9C /* Main.storyboard */; };
		F4B876141FC4168100FDBD9C /* Assets.xcassets in Resources */ = {isa = PBXBuildFile; fileRef = F4B876131FC4168100FDBD9C /* Assets.xcassets */; };
		F4B876171FC4168100FDBD9C /* LaunchScreen.storyboard in Resources */ = {isa = PBXBuildFile; fileRef = F4B876151FC4168100FDBD9C /* LaunchScreen.storyboard */; };
		F4B876201FC4168F00FDBD9C /* libsqlite3.0.tbd in Frameworks */ = {isa = PBXBuildFile; fileRef = F4B8761F1FC4168F00FDBD9C /* libsqlite3.0.tbd */; };
		F4B876261FC417C600FDBD9C /* hospitalTableViewCell.m in Sources */ = {isa = PBXBuildFile; fileRef = F4B876251FC417C600FDBD9C /* hospitalTableViewCell.m */; };
/* End PBXBuildFile section */

/* Begin PBXFileReference section */
		F418236B1FC56C7700B94A6B /* HosDb.h */ = {isa = PBXFileReference; fileEncoding = 4; lastKnownFileType = sourcecode.c.h; path = HosDb.h; sourceTree = "<group>"; };
		F418236C1FC56C7700B94A6B /* HosDb.m */ = {isa = PBXFileReference; fileEncoding = 4; lastKnownFileType = sourcecode.c.objc; path = HosDb.m; sourceTree = "<group>"; };
		F4B876041FC4168100FDBD9C /* ios_sqlite_MachineTest3.app */ = {isa = PBXFileReference; explicitFileType = wrapper.application; includeInIndex = 0; path = ios_sqlite_MachineTest3.app; sourceTree = BUILT_PRODUCTS_DIR; };
		F4B876081FC4168100FDBD9C /* main.m */ = {isa = PBXFileReference; lastKnownFileType = sourcecode.c.objc; path = main.m; sourceTree = "<group>"; };
		F4B8760A1FC4168100FDBD9C /* AppDelegate.h */ = {isa = PBXFileReference; lastKnownFileType = sourcecode.c.h; path = AppDelegate.h; sourceTree = "<group>"; };
		F4B8760B1FC4168100FDBD9C /* AppDelegate.m */ = {isa = PBXFileReference; lastKnownFileType = sourcecode.c.objc; path = AppDelegate.m; sourceTree = "<group>"; };
		F4B8760D1FC4168100FDBD9C /* ViewController.h */ = {isa = PBXFileReference; lastKnownFileType = sourcecode.c.h; path = ViewController.h; sourceTree = "<group>"; };
		F4B8760E1FC4168100FDBD9C /* ViewController.m */ = {isa = PBXFileReference; lastKnownFileType = sourcecode.c.objc; path = ViewController.m; sourceTree = "<group>"; };
		F4B876111FC4168100FDBD9C /* Base */ = {isa = PBXFileReference; lastKnownFileType = file.storyboard; name = Base; path = Base.lproj/Main.storyboard; sourceTree = "<group>"; };
		F4B876131FC4168100FDBD9C /* Assets.xcassets */ = {isa = PBXFileReference; lastKnownFileType = folder.assetcatalog; path = Assets.xcassets; sourceTree = "<group>"; };
		F4B876161FC4168100FDBD9C /* Base */ = {isa = PBXFileReference; lastKnownFileType = file.storyboard; name = Base; path = Base.lproj/LaunchScreen.storyboard; sourceTree = "<group>"; };
		F4B876181FC4168100FDBD9C /* Info.plist */ = {isa = PBXFileReference; lastKnownFileType = text.plist.xml; path = Info.plist; sourceTree = "<group>"; };
		F4B8761F1FC4168F00FDBD9C /* libsqlite3.0.tbd */ = {isa = PBXFileReference; lastKnownFileType = "sourcecode.text-based-dylib-definition"; name = libsqlite3.0.tbd; path = usr/lib/libsqlite3.0.tbd; sourceTree = SDKROOT; };
		F4B876241FC417C600FDBD9C /* hospitalTableViewCell.h */ = {isa = PBXFileReference; fileEncoding = 4; lastKnownFileType = sourcecode.c.h; path = hospitalTableViewCell.h; sourceTree = "<group>"; };
		F4B876251FC417C600FDBD9C /* hospitalTableViewCell.m */ = {isa = PBXFileReference; fileEncoding = 4; lastKnownFileType = sourcecode.c.objc; path = hospitalTableViewCell.m; sourceTree = "<group>"; };
/* End PBXFileReference section */

/* Begin PBXFrameworksBuildPhase section */
		F4B876011FC4168100FDBD9C /* Frameworks */ = {
			isa = PBXFrameworksBuildPhase;
			buildActionMask = 2147483647;
			files = (
				F4B876201FC4168F00FDBD9C /* libsqlite3.0.tbd in Frameworks */,
			);
			runOnlyForDeploymentPostprocessing = 0;
		};
/* End PBXFrameworksBuildPhase section */

/* Begin PBXGroup section */
		F4B875FB1FC4168100FDBD9C = {
			isa = PBXGroup;
			children = (
				F4B876061FC4168100FDBD9C /* ios_sqlite_MachineTest3 */,
				F4B876051FC4168100FDBD9C /* Products */,
				F4B8761E1FC4168F00FDBD9C /* Frameworks */,
			);
			sourceTree = "<group>";
		};
		F4B876051FC4168100FDBD9C /* Products */ = {
			isa = PBXGroup;
			children = (
				F4B876041FC4168100FDBD9C /* ios_sqlite_MachineTest3.app */,
			);
			name = Products;
			sourceTree = "<group>";
		};
		F4B876061FC4168100FDBD9C /* ios_sqlite_MachineTest3 */ = {
			isa = PBXGroup;
			children = (
				F4B8760A1FC4168100FDBD9C /* AppDelegate.h */,
				F4B8760B1FC4168100FDBD9C /* AppDelegate.m */,
				F4B8760D1FC4168100FDBD9C /* ViewController.h */,
				F4B8760E1FC4168100FDBD9C /* ViewController.m */,
				F4B876101FC4168100FDBD9C /* Main.storyboard */,
				F4B876131FC4168100FDBD9C /* Assets.xcassets */,
				F4B876151FC4168100FDBD9C /* LaunchScreen.storyboard */,
				F4B876181FC4168100FDBD9C /* Info.plist */,
				F4B876071FC4168100FDBD9C /* Supporting Files */,
				F4B876241FC417C600FDBD9C /* hospitalTableViewCell.h */,
				F4B876251FC417C600FDBD9C /* hospitalTableViewCell.m */,
				F418236B1FC56C7700B94A6B /* HosDb.h */,
				F418236C1FC56C7700B94A6B /* HosDb.m */,
			);
			path = ios_sqlite_MachineTest3;
			sourceTree = "<group>";
		};
		F4B876071FC4168100FDBD9C /* Supporting Files */ = {
			isa = PBXGroup;
			children = (
				F4B876081FC4168100FDBD9C /* main.m */,
			);
			name = "Supporting Files";
			sourceTree = "<group>";
		};
		F4B8761E1FC4168F00FDBD9C /* Frameworks */ = {
			isa = PBXGroup;
			children = (
				F4B8761F1FC4168F00FDBD9C /* libsqlite3.0.tbd */,
			);
			name = Frameworks;
			sourceTree = "<group>";
		};
/* End PBXGroup section */

/* Begin PBXNativeTarget section */
		F4B876031FC4168100FDBD9C /* ios_sqlite_MachineTest3 */ = {
			isa = PBXNativeTarget;
			buildConfigurationList = F4B8761B1FC4168100FDBD9C /* Build configuration list for PBXNativeTarget "ios_sqlite_MachineTest3" */;
			buildPhases = (
				F4B876001FC4168100FDBD9C /* Sources */,
				F4B876011FC4168100FDBD9C /* Frameworks */,
				F4B876021FC4168100FDBD9C /* Resources */,
			);
			buildRules = (
			);
			dependencies = (
			);
			name = ios_sqlite_MachineTest3;
			productName = ios_sqlite_MachineTest3;
			productReference = F4B876041FC4168100FDBD9C /* ios_sqlite_MachineTest3.app */;
			productType = "com.apple.product-type.application";
		};
/* End PBXNativeTarget section */

/* Begin PBXProject section */
		F4B875FC1FC4168100FDBD9C /* Project object */ = {
			isa = PBXProject;
			attributes = {
				LastUpgradeCheck = 0820;
				ORGANIZATIONNAME = mohiniw;
				TargetAttributes = {
					F4B876031FC4168100FDBD9C = {
						CreatedOnToolsVersion = 8.2;
						ProvisioningStyle = Automatic;
					};
				};
			};
			buildConfigurationList = F4B875FF1FC4168100FDBD9C /* Build configuration list for PBXProject "ios_sqlite_MachineTest3" */;
			compatibilityVersion = "Xcode 3.2";
			developmentRegion = English;
			hasScannedForEncodings = 0;
			knownRegions = (
				en,
				Base,
			);
			mainGroup = F4B875FB1FC4168100FDBD9C;
			productRefGroup = F4B876051FC4168100FDBD9C /* Products */;
			projectDirPath = "";
			projectRoot = "";
			targets = (
				F4B876031FC4168100FDBD9C /* ios_sqlite_MachineTest3 */,
			);
		};
/* End PBXProject section */

/* Begin PBXResourcesBuildPhase section */
		F4B876021FC4168100FDBD9C /* Resources */ = {
			isa = PBXResourcesBuildPhase;
			buildActionMask = 2147483647;
			files = (
				F4B876171FC4168100FDBD9C /* LaunchScreen.storyboard in Resources */,
				F4B876141FC4168100FDBD9C /* Assets.xcassets in Resources */,
				F4B876121FC4168100FDBD9C /* Main.storyboard in Resources */,
			);
			runOnlyForDeploymentPostprocessing = 0;
		};
/* End PBXResourcesBuildPhase section */

/* Begin PBXSourcesBuildPhase section */
		F4B876001FC4168100FDBD9C /* Sources */ = {
			isa = PBXSourcesBuildPhase;
			buildActionMask = 2147483647;
			files = (
				F4B8760F1FC4168100FDBD9C /* ViewController.m in Sources */,
				F4B876261FC417C600FDBD9C /* hospitalTableViewCell.m in Sources */,
				F4B8760C1FC4168100FDBD9C /* AppDelegate.m in Sources */,
				F418236D1FC56C7700B94A6B /* HosDb.m in Sources */,
				F4B876091FC4168100FDBD9C /* main.m in Sources */,
			);
			runOnlyForDeploymentPostprocessing = 0;
		};
/* End PBXSourcesBuildPhase section */

/* Begin PBXVariantGroup section */
		F4B876101FC4168100FDBD9C /* Main.storyboard */ = {
			isa = PBXVariantGroup;
			children = (
				F4B876111FC4168100FDBD9C /* Base */,
			);
			name = Main.storyboard;
			sourceTree = "<group>";
		};
		F4B876151FC4168100FDBD9C /* LaunchScreen.storyboard */ = {
			isa = PBXVariantGroup;
			children = (
				F4B876161FC4168100FDBD9C /* Base */,
			);
			name = LaunchScreen.storyboard;
			sourceTree = "<group>";
		};
/* End PBXVariantGroup section */

/* Begin XCBuildConfiguration section */
		F4B876191FC4168100FDBD9C /* Debug */ = {
			isa = XCBuildConfiguration;
			buildSettings = {
				ALWAYS_SEARCH_USER_PATHS = NO;
				CLANG_ANALYZER_NONNULL = YES;
				CLANG_CXX_LANGUAGE_STANDARD = "gnu++0x";
				CLANG_CXX_LIBRARY = "libc++";
				CLANG_ENABLE_MODULES = YES;
				CLANG_ENABLE_OBJC_ARC = YES;
				CLANG_WARN_BOOL_CONVERSION = YES;
				CLANG_WARN_CONSTANT_CONVERSION = YES;
				CLANG_WARN_DIRECT_OBJC_ISA_USAGE = YES_ERROR;
				CLANG_WARN_DOCUMENTATION_COMMENTS = YES;
				CLANG_WARN_EMPTY_BODY = YES;
				CLANG_WARN_ENUM_CONVERSION = YES;
				CLANG_WARN_INFINITE_RECURSION = YES;
				CLANG_WARN_INT_CONVERSION = YES;
				CLANG_WARN_OBJC_ROOT_CLASS = YES_ERROR;
				CLANG_WARN_SUSPICIOUS_MOVE = YES;
				CLANG_WARN_UNREACHABLE_CODE = YES;
				CLANG_WARN__DUPLICATE_METHOD_MATCH = YES;
				"CODE_SIGN_IDENTITY[sdk=iphoneos*]" = "iPhone Developer";
				COPY_PHASE_STRIP = NO;
				DEBUG_INFORMATION_FORMAT = dwarf;
				ENABLE_STRICT_OBJC_MSGSEND = YES;
				ENABLE_TESTABILITY = YES;
				GCC_C_LANGUAGE_STANDARD = gnu99;
				GCC_DYNAMIC_NO_PIC = NO;
				GCC_NO_COMMON_BLOCKS = YES;
				GCC_OPTIMIZATION_LEVEL = 0;
				GCC_PREPROCESSOR_DEFINITIONS = (
					"DEBUG=1",
					"$(inherited)",
				);
				GCC_WARN_64_TO_32_BIT_CONVERSION = YES;
				GCC_WARN_ABOUT_RETURN_TYPE = YES_ERROR;
				GCC_WARN_UNDECLARED_SELECTOR = YES;
				GCC_WARN_UNINITIALIZED_AUTOS = YES_AGGRESSIVE;
				GCC_WARN_UNUSED_FUNCTION = YES;
				GCC_WARN_UNUSED_VARIABLE = YES;
				IPHONEOS_DEPLOYMENT_TARGET = 10.2;
				MTL_ENABLE_DEBUG_INFO = YES;
				ONLY_ACTIVE_ARCH = YES;
				SDKROOT = iphoneos;
				TARGETED_DEVICE_FAMILY = "1,2";
			};
			name = Debug;
		};
		F4B8761A1FC4168100FDBD9C /* Release */ = {
			isa = XCBuildConfiguration;
			buildSettings = {
				ALWAYS_SEARCH_USER_PATHS = NO;
				CLANG_ANALYZER_NONNULL = YES;
				CLANG_CXX_LANGUAGE_STANDARD = "gnu++0x";
				CLANG_CXX_LIBRARY = "libc++";
				CLANG_ENABLE_MODULES = YES;
				CLANG_ENABLE_OBJC_ARC = YES;
				CLANG_WARN_BOOL_CONVERSION = YES;
				CLANG_WARN_CONSTANT_CONVERSION = YES;
				CLANG_WARN_DIRECT_OBJC_ISA_USAGE = YES_ERROR;
				CLANG_WARN_DOCUMENTATION_COMMENTS = YES;
				CLANG_WARN_EMPTY_BODY = YES;
				CLANG_WARN_ENUM_CONVERSION = YES;
				CLANG_WARN_INFINITE_RECURSION = YES;
				CLANG_WARN_INT_CONVERSION = YES;
				CLANG_WARN_OBJC_ROOT_CLASS = YES_ERROR;
				CLANG_WARN_SUSPICIOUS_MOVE = YES;
				CLANG_WARN_UNREACHABLE_CODE = YES;
				CLANG_WARN__DUPLICATE_METHOD_MATCH = YES;
				"CODE_SIGN_IDENTITY[sdk=iphoneos*]" = "iPhone Developer";
				COPY_PHASE_STRIP = NO;
				DEBUG_INFORMATION_FORMAT = "dwarf-with-dsym";
				ENABLE_NS_ASSERTIONS = NO;
				ENABLE_STRICT_OBJC_MSGSEND = YES;
				GCC_C_LANGUAGE_STANDARD = gnu99;
				GCC_NO_COMMON_BLOCKS = YES;
				GCC_WARN_64_TO_32_BIT_CONVERSION = YES;
				GCC_WARN_ABOUT_RETURN_TYPE = YES_ERROR;
				GCC_WARN_UNDECLARED_SELECTOR = YES;
				GCC_WARN_UNINITIALIZED_AUTOS = YES_AGGRESSIVE;
				GCC_WARN_UNUSED_FUNCTION = YES;
				GCC_WARN_UNUSED_VARIABLE = YES;
				IPHONEOS_DEPLOYMENT_TARGET = 10.2;
				MTL_ENABLE_DEBUG_INFO = NO;
				SDKROOT = iphoneos;
				TARGETED_DEVICE_FAMILY = "1,2";
				VALIDATE_PRODUCT = YES;
			};
			name = Release;
		};
		F4B8761C1FC4168100FDBD9C /* Debug */ = {
			isa = XCBuildConfiguration;
			buildSettings = {
				ASSETCATALOG_COMPILER_APPICON_NAME = AppIcon;
				INFOPLIST_FILE = ios_sqlite_MachineTest3/Info.plist;
				LD_RUNPATH_SEARCH_PATHS = "$(inherited) @executable_path/Frameworks";
				PRODUCT_BUNDLE_IDENTIFIER = "mohiniw.ios-sqlite-MachineTest3";
				PRODUCT_NAME = "$(TARGET_NAME)";
			};
			name = Debug;
		};
		F4B8761D1FC4168100FDBD9C /* Release */ = {
			isa = XCBuildConfiguration;
			buildSettings = {
				ASSETCATALOG_COMPILER_APPICON_NAME = AppIcon;
				INFOPLIST_FILE = ios_sqlite_MachineTest3/Info.plist;
				LD_RUNPATH_SEARCH_PATHS = "$(inherited) @executable_path/Frameworks";
				PRODUCT_BUNDLE_IDENTIFIER = "mohiniw.ios-sqlite-MachineTest3";
				PRODUCT_NAME = "$(TARGET_NAME)";
			};
			name = Release;
		};
/* End XCBuildConfiguration section */

/* Begin XCConfigurationList section */
		F4B875FF1FC4168100FDBD9C /* Build configuration list for PBXProject "ios_sqlite_MachineTest3" */ = {
			isa = XCConfigurationList;
			buildConfigurations = (
				F4B876191FC4168100FDBD9C /* Debug */,
				F4B8761A1FC4168100FDBD9C /* Release */,
			);
			defaultConfigurationIsVisible = 0;
			defaultConfigurationName = Release;
		};
		F4B8761B1FC4168100FDBD9C /* Build configuration list for PBXNativeTarget "ios_sqlite_MachineTest3" */ = {
			isa = XCConfigurationList;
			buildConfigurations = (
				F4B8761C1FC4168100FDBD9C /* Debug */,
				F4B8761D1FC4168100FDBD9C /* Release */,
			);
			defaultConfigurationIsVisible = 0;
			defaultConfigurationName = Release;
		};
/* End XCConfigurationList section */
	};
	rootObject = F4B875FC1FC4168100FDBD9C /* Project object */;
}
